
Microsoft Visual Studio Solution File, Format Version 12.00
# Visual Studio Version 17
VisualStudioVersion = 17.3.32901.215
MinimumVisualStudioVersion = 10.0.40219.1
Project("{FAE04EC0-301F-11D3-BF4B-00C04F79EFBC}") = "WebApplication1", "WebApplication1\WebApplication1.csproj", "{8056BF26-B59A-4D7B-A986-FE3A9FDC9277}"
EndProject
Project("{FAE04EC0-301F-11D3-BF4B-00C04F79EFBC}") = "WebApplication1.Tests", "WebApplication1.Tests\WebApplication1.Tests.csproj", "{335D4BA7-7CC2-4708-A596-7ADB827ED903}"
EndProject
Global
	GlobalSection(SolutionConfigurationPlatforms) = preSolution
		Debug|Any CPU = Debug|Any CPU
		Release|Any CPU = Release|Any CPU
	EndGlobalSection
	GlobalSection(ProjectConfigurationPlatforms) = postSolution
		{8056BF26-B59A-4D7B-A986-FE3A9FDC9277}.Debug|Any CPU.ActiveCfg = Debug|Any CPU
		{8056BF26-B59A-4D7B-A986-FE3A9FDC9277}.Debug|Any CPU.Build.0 = Debug|Any CPU
		{8056BF26-B59A-4D7B-A986-FE3A9FDC9277}.Release|Any CPU.ActiveCfg = Release|Any CPU
		{8056BF26-B59A-4D7B-A986-FE3A9FDC9277}.Release|Any CPU.Build.0 = Release|Any CPU
		{335D4BA7-7CC2-4708-A596-7ADB827ED903}.Debug|Any CPU.ActiveCfg = Debug|Any CPU
		{335D4BA7-7CC2-4708-A596-7ADB827ED903}.Debug|Any CPU.Build.0 = Debug|Any CPU
		{335D4BA7-7CC2-4708-A596-7ADB827ED903}.Release|Any CPU.ActiveCfg = Release|Any CPU
		{335D4BA7-7CC2-4708-A596-7ADB827ED903}.Release|Any CPU.Build.0 = Release|Any CPU
	EndGlobalSection
	GlobalSection(SolutionProperties) = preSolution
		HideSolutionNode = FALSE
	EndGlobalSection
	GlobalSection(ExtensibilityGlobals) = postSolution
		SolutionGuid = {E09FB9D3-F865-4E63-A45C-629160D327A2}
	EndGlobalSection
EndGlobal
